
Microsoft Visual Studio Solution File, Format Version 12.00
# Visual Studio Version 16
VisualStudioVersion = 16.0.29411.108
MinimumVisualStudioVersion = 10.0.40219.1
Project("{FAE04EC0-301F-11D3-BF4B-00C04F79EFBC}") = "Admin", "Admin\Admin.csproj", "{220632AA-E1D9-4A65-9533-D723358BFA6B}"
EndProject
Global
	GlobalSection(SolutionConfigurationPlatforms) = preSolution
		Debug|Any CPU = Debug|Any CPU
		Release|Any CPU = Release|Any CPU
	EndGlobalSection
	GlobalSection(ProjectConfigurationPlatforms) = postSolution
		{220632AA-E1D9-4A65-9533-D723358BFA6B}.Debug|Any CPU.ActiveCfg = Debug|Any CPU
		{220632AA-E1D9-4A65-9533-D723358BFA6B}.Debug|Any CPU.Build.0 = Debug|Any CPU
		{220632AA-E1D9-4A65-9533-D723358BFA6B}.Release|Any CPU.ActiveCfg = Release|Any CPU
		{220632AA-E1D9-4A65-9533-D723358BFA6B}.Release|Any CPU.Build.0 = Release|Any CPU
	EndGlobalSection
	GlobalSection(SolutionProperties) = preSolution
		HideSolutionNode = FALSE
	EndGlobalSection
	GlobalSection(ExtensibilityGlobals) = postSolution
		SolutionGuid = {77739249-B3A1-4EFD-A4C8-732C124A9483}
	EndGlobalSection
EndGlobal
